
Microsoft Visual Studio Solution File, Format Version 12.00
# Visual Studio 15
VisualStudioVersion = 15.0.27004.2002
MinimumVisualStudioVersion = 10.0.40219.1
Project("{D954291E-2A0B-460D-934E-DC6B0785DB48}") = "Sales", "Sales\Sales\Sales.shproj", "{683B3BB7-D754-485D-A582-42EF80C399CF}"
EndProject
Project("{FAE04EC0-301F-11D3-BF4B-00C04F79EFBC}") = "Sales.Android", "Sales\Sales.Android\Sales.Android.csproj", "{DB0CF78E-2407-4C37-A09F-FC6823F256E4}"
EndProject
Project("{FAE04EC0-301F-11D3-BF4B-00C04F79EFBC}") = "Sales.iOS", "Sales\Sales.iOS\Sales.iOS.csproj", "{495FD193-3678-4619-9A4E-A46BFB7D6B1C}"
EndProject
Project("{FAE04EC0-301F-11D3-BF4B-00C04F79EFBC}") = "Sales.Backend", "Sales.Backend\Sales.Backend.csproj", "{9ACA63A1-9290-4765-B460-AEC1269F8FD6}"
EndProject
Project("{FAE04EC0-301F-11D3-BF4B-00C04F79EFBC}") = "Sales.API", "Sales.API\Sales.API.csproj", "{0A159BC6-DB6B-4BF7-B629-8DED2197FA3C}"
EndProject
Project("{FAE04EC0-301F-11D3-BF4B-00C04F79EFBC}") = "Sales.Domain", "Sales.Domain\Sales.Domain.csproj", "{44A13367-D386-45E0-8D34-67414B99CB37}"
EndProject
Project("{FAE04EC0-301F-11D3-BF4B-00C04F79EFBC}") = "Sales.Common", "Sales.Common\Sales.Common.csproj", "{3A4A6387-87C2-4D9C-A887-A5A2A8122C0A}"
EndProject
Global
	GlobalSection(SharedMSBuildProjectFiles) = preSolution
		Sales\Sales\Sales.projitems*{495fd193-3678-4619-9a4e-a46bfb7d6b1c}*SharedItemsImports = 4
		Sales\Sales\Sales.projitems*{683b3bb7-d754-485d-a582-42ef80c399cf}*SharedItemsImports = 13
		Sales\Sales\Sales.projitems*{db0cf78e-2407-4c37-a09f-fc6823f256e4}*SharedItemsImports = 4
	EndGlobalSection
	GlobalSection(SolutionConfigurationPlatforms) = preSolution
		Ad-Hoc|Any CPU = Ad-Hoc|Any CPU
		Ad-Hoc|iPhone = Ad-Hoc|iPhone
		Ad-Hoc|iPhoneSimulator = Ad-Hoc|iPhoneSimulator
		AppStore|Any CPU = AppStore|Any CPU
		AppStore|iPhone = AppStore|iPhone
		AppStore|iPhoneSimulator = AppStore|iPhoneSimulator
		Debug|Any CPU = Debug|Any CPU
		Debug|iPhone = Debug|iPhone
		Debug|iPhoneSimulator = Debug|iPhoneSimulator
		Release|Any CPU = Release|Any CPU
		Release|iPhone = Release|iPhone
		Release|iPhoneSimulator = Release|iPhoneSimulator
	EndGlobalSection
	GlobalSection(ProjectConfigurationPlatforms) = postSolution
		{DB0CF78E-2407-4C37-A09F-FC6823F256E4}.Ad-Hoc|Any CPU.ActiveCfg = Release|Any CPU
		{DB0CF78E-2407-4C37-A09F-FC6823F256E4}.Ad-Hoc|Any CPU.Build.0 = Release|Any CPU
		{DB0CF78E-2407-4C37-A09F-FC6823F256E4}.Ad-Hoc|Any CPU.Deploy.0 = Release|Any CPU
		{DB0CF78E-2407-4C37-A09F-FC6823F256E4}.Ad-Hoc|iPhone.ActiveCfg = Release|Any CPU
		{DB0CF78E-2407-4C37-A09F-FC6823F256E4}.Ad-Hoc|iPhone.Build.0 = Release|Any CPU
		{DB0CF78E-2407-4C37-A09F-FC6823F256E4}.Ad-Hoc|iPhone.Deploy.0 = Release|Any CPU
		{DB0CF78E-2407-4C37-A09F-FC6823F256E4}.Ad-Hoc|iPhoneSimulator.ActiveCfg = Release|Any CPU
		{DB0CF78E-2407-4C37-A09F-FC6823F256E4}.Ad-Hoc|iPhoneSimulator.Build.0 = Release|Any CPU
		{DB0CF78E-2407-4C37-A09F-FC6823F256E4}.Ad-Hoc|iPhoneSimulator.Deploy.0 = Release|Any CPU
		{DB0CF78E-2407-4C37-A09F-FC6823F256E4}.AppStore|Any CPU.ActiveCfg = Release|Any CPU
		{DB0CF78E-2407-4C37-A09F-FC6823F256E4}.AppStore|Any CPU.Build.0 = Release|Any CPU
		{DB0CF78E-2407-4C37-A09F-FC6823F256E4}.AppStore|Any CPU.Deploy.0 = Release|Any CPU
		{DB0CF78E-2407-4C37-A09F-FC6823F256E4}.AppStore|iPhone.ActiveCfg = Release|Any CPU
		{DB0CF78E-2407-4C37-A09F-FC6823F256E4}.AppStore|iPhone.Build.0 = Release|Any CPU
		{DB0CF78E-2407-4C37-A09F-FC6823F256E4}.AppStore|iPhone.Deploy.0 = Release|Any CPU
		{DB0CF78E-2407-4C37-A09F-FC6823F256E4}.AppStore|iPhoneSimulator.ActiveCfg = Release|Any CPU
		{DB0CF78E-2407-4C37-A09F-FC6823F256E4}.AppStore|iPhoneSimulator.Build.0 = Release|Any CPU
		{DB0CF78E-2407-4C37-A09F-FC6823F256E4}.AppStore|iPhoneSimulator.Deploy.0 = Release|Any CPU
		{DB0CF78E-2407-4C37-A09F-FC6823F256E4}.Debug|Any CPU.ActiveCfg = Debug|Any CPU
		{DB0CF78E-2407-4C37-A09F-FC6823F256E4}.Debug|Any CPU.Build.0 = Debug|Any CPU
		{DB0CF78E-2407-4C37-A09F-FC6823F256E4}.Debug|Any CPU.Deploy.0 = Debug|Any CPU
		{DB0CF78E-2407-4C37-A09F-FC6823F256E4}.Debug|iPhone.ActiveCfg = Debug|Any CPU
		{DB0CF78E-2407-4C37-A09F-FC6823F256E4}.Debug|iPhone.Build.0 = Debug|Any CPU
		{DB0CF78E-2407-4C37-A09F-FC6823F256E4}.Debug|iPhone.Deploy.0 = Debug|Any CPU
		{DB0CF78E-2407-4C37-A09F-FC6823F256E4}.Debug|iPhoneSimulator.ActiveCfg = Debug|Any CPU
		{DB0CF78E-2407-4C37-A09F-FC6823F256E4}.Debug|iPhoneSimulator.Build.0 = Debug|Any CPU
		{DB0CF78E-2407-4C37-A09F-FC6823F256E4}.Debug|iPhoneSimulator.Deploy.0 = Debug|Any CPU
		{DB0CF78E-2407-4C37-A09F-FC6823F256E4}.Release|Any CPU.ActiveCfg = Release|Any CPU
		{DB0CF78E-2407-4C37-A09F-FC6823F256E4}.Release|Any CPU.Build.0 = Release|Any CPU
		{DB0CF78E-2407-4C37-A09F-FC6823F256E4}.Release|Any CPU.Deploy.0 = Release|Any CPU
		{DB0CF78E-2407-4C37-A09F-FC6823F256E4}.Release|iPhone.ActiveCfg = Release|Any CPU
		{DB0CF78E-2407-4C37-A09F-FC6823F256E4}.Release|iPhone.Build.0 = Release|Any CPU
		{DB0CF78E-2407-4C37-A09F-FC6823F256E4}.Release|iPhone.Deploy.0 = Release|Any CPU
		{DB0CF78E-2407-4C37-A09F-FC6823F256E4}.Release|iPhoneSimulator.ActiveCfg = Release|Any CPU
		{DB0CF78E-2407-4C37-A09F-FC6823F256E4}.Release|iPhoneSimulator.Build.0 = Release|Any CPU
		{DB0CF78E-2407-4C37-A09F-FC6823F256E4}.Release|iPhoneSimulator.Deploy.0 = Release|Any CPU
		{495FD193-3678-4619-9A4E-A46BFB7D6B1C}.Ad-Hoc|Any CPU.ActiveCfg = Ad-Hoc|iPhoneSimulator
		{495FD193-3678-4619-9A4E-A46BFB7D6B1C}.Ad-Hoc|iPhone.ActiveCfg = Ad-Hoc|iPhone
		{495FD193-3678-4619-9A4E-A46BFB7D6B1C}.Ad-Hoc|iPhone.Build.0 = Ad-Hoc|iPhone
		{495FD193-3678-4619-9A4E-A46BFB7D6B1C}.Ad-Hoc|iPhoneSimulator.ActiveCfg = Ad-Hoc|iPhoneSimulator
		{495FD193-3678-4619-9A4E-A46BFB7D6B1C}.Ad-Hoc|iPhoneSimulator.Build.0 = Ad-Hoc|iPhoneSimulator
		{495FD193-3678-4619-9A4E-A46BFB7D6B1C}.AppStore|Any CPU.ActiveCfg = AppStore|iPhoneSimulator
		{495FD193-3678-4619-9A4E-A46BFB7D6B1C}.AppStore|iPhone.ActiveCfg = AppStore|iPhone
		{495FD193-3678-4619-9A4E-A46BFB7D6B1C}.AppStore|iPhone.Build.0 = AppStore|iPhone
		{495FD193-3678-4619-9A4E-A46BFB7D6B1C}.AppStore|iPhoneSimulator.ActiveCfg = AppStore|iPhoneSimulator
		{495FD193-3678-4619-9A4E-A46BFB7D6B1C}.AppStore|iPhoneSimulator.Build.0 = AppStore|iPhoneSimulator
		{495FD193-3678-4619-9A4E-A46BFB7D6B1C}.Debug|Any CPU.ActiveCfg = Debug|iPhoneSimulator
		{495FD193-3678-4619-9A4E-A46BFB7D6B1C}.Debug|iPhone.ActiveCfg = Debug|iPhone
		{495FD193-3678-4619-9A4E-A46BFB7D6B1C}.Debug|iPhone.Build.0 = Debug|iPhone
		{495FD193-3678-4619-9A4E-A46BFB7D6B1C}.Debug|iPhoneSimulator.ActiveCfg = Debug|iPhoneSimulator
		{495FD193-3678-4619-9A4E-A46BFB7D6B1C}.Debug|iPhoneSimulator.Build.0 = Debug|iPhoneSimulator
		{495FD193-3678-4619-9A4E-A46BFB7D6B1C}.Release|Any CPU.ActiveCfg = Release|iPhoneSimulator
		{495FD193-3678-4619-9A4E-A46BFB7D6B1C}.Release|iPhone.ActiveCfg = Release|iPhone
		{495FD193-3678-4619-9A4E-A46BFB7D6B1C}.Release|iPhone.Build.0 = Release|iPhone
		{495FD193-3678-4619-9A4E-A46BFB7D6B1C}.Release|iPhoneSimulator.ActiveCfg = Release|iPhoneSimulator
		{495FD193-3678-4619-9A4E-A46BFB7D6B1C}.Release|iPhoneSimulator.Build.0 = Release|iPhoneSimulator
		{9ACA63A1-9290-4765-B460-AEC1269F8FD6}.Ad-Hoc|Any CPU.ActiveCfg = Release|Any CPU
		{9ACA63A1-9290-4765-B460-AEC1269F8FD6}.Ad-Hoc|Any CPU.Build.0 = Release|Any CPU
		{9ACA63A1-9290-4765-B460-AEC1269F8FD6}.Ad-Hoc|iPhone.ActiveCfg = Release|Any CPU
		{9ACA63A1-9290-4765-B460-AEC1269F8FD6}.Ad-Hoc|iPhone.Build.0 = Release|Any CPU
		{9ACA63A1-9290-4765-B460-AEC1269F8FD6}.Ad-Hoc|iPhoneSimulator.ActiveCfg = Release|Any CPU
		{9ACA63A1-9290-4765-B460-AEC1269F8FD6}.Ad-Hoc|iPhoneSimulator.Build.0 = Release|Any CPU
		{9ACA63A1-9290-4765-B460-AEC1269F8FD6}.AppStore|Any CPU.ActiveCfg = Release|Any CPU
		{9ACA63A1-9290-4765-B460-AEC1269F8FD6}.AppStore|Any CPU.Build.0 = Release|Any CPU
		{9ACA63A1-9290-4765-B460-AEC1269F8FD6}.AppStore|iPhone.ActiveCfg = Release|Any CPU
		{9ACA63A1-9290-4765-B460-AEC1269F8FD6}.AppStore|iPhone.Build.0 = Release|Any CPU
		{9ACA63A1-9290-4765-B460-AEC1269F8FD6}.AppStore|iPhoneSimulator.ActiveCfg = Release|Any CPU
		{9ACA63A1-9290-4765-B460-AEC1269F8FD6}.AppStore|iPhoneSimulator.Build.0 = Release|Any CPU
		{9ACA63A1-9290-4765-B460-AEC1269F8FD6}.Debug|Any CPU.ActiveCfg = Debug|Any CPU
		{9ACA63A1-9290-4765-B460-AEC1269F8FD6}.Debug|Any CPU.Build.0 = Debug|Any CPU
		{9ACA63A1-9290-4765-B460-AEC1269F8FD6}.Debug|iPhone.ActiveCfg = Debug|Any CPU
		{9ACA63A1-9290-4765-B460-AEC1269F8FD6}.Debug|iPhone.Build.0 = Debug|Any CPU
		{9ACA63A1-9290-4765-B460-AEC1269F8FD6}.Debug|iPhoneSimulator.ActiveCfg = Debug|Any CPU
		{9ACA63A1-9290-4765-B460-AEC1269F8FD6}.Debug|iPhoneSimulator.Build.0 = Debug|Any CPU
		{9ACA63A1-9290-4765-B460-AEC1269F8FD6}.Release|Any CPU.ActiveCfg = Release|Any CPU
		{9ACA63A1-9290-4765-B460-AEC1269F8FD6}.Release|Any CPU.Build.0 = Release|Any CPU
		{9ACA63A1-9290-4765-B460-AEC1269F8FD6}.Release|iPhone.ActiveCfg = Release|Any CPU
		{9ACA63A1-9290-4765-B460-AEC1269F8FD6}.Release|iPhone.Build.0 = Release|Any CPU
		{9ACA63A1-9290-4765-B460-AEC1269F8FD6}.Release|iPhoneSimulator.ActiveCfg = Release|Any CPU
		{9ACA63A1-9290-4765-B460-AEC1269F8FD6}.Release|iPhoneSimulator.Build.0 = Release|Any CPU
		{0A159BC6-DB6B-4BF7-B629-8DED2197FA3C}.Ad-Hoc|Any CPU.ActiveCfg = Release|Any CPU
		{0A159BC6-DB6B-4BF7-B629-8DED2197FA3C}.Ad-Hoc|Any CPU.Build.0 = Release|Any CPU
		{0A159BC6-DB6B-4BF7-B629-8DED2197FA3C}.Ad-Hoc|iPhone.ActiveCfg = Release|Any CPU
		{0A159BC6-DB6B-4BF7-B629-8DED2197FA3C}.Ad-Hoc|iPhone.Build.0 = Release|Any CPU
		{0A159BC6-DB6B-4BF7-B629-8DED2197FA3C}.Ad-Hoc|iPhoneSimulator.ActiveCfg = Release|Any CPU
		{0A159BC6-DB6B-4BF7-B629-8DED2197FA3C}.Ad-Hoc|iPhoneSimulator.Build.0 = Release|Any CPU
		{0A159BC6-DB6B-4BF7-B629-8DED2197FA3C}.AppStore|Any CPU.ActiveCfg = Release|Any CPU
		{0A159BC6-DB6B-4BF7-B629-8DED2197FA3C}.AppStore|Any CPU.Build.0 = Release|Any CPU
		{0A159BC6-DB6B-4BF7-B629-8DED2197FA3C}.AppStore|iPhone.ActiveCfg = Release|Any CPU
		{0A159BC6-DB6B-4BF7-B629-8DED2197FA3C}.AppStore|iPhone.Build.0 = Release|Any CPU
		{0A159BC6-DB6B-4BF7-B629-8DED2197FA3C}.AppStore|iPhoneSimulator.ActiveCfg = Release|Any CPU
		{0A159BC6-DB6B-4BF7-B629-8DED2197FA3C}.AppStore|iPhoneSimulator.Build.0 = Release|Any CPU
		{0A159BC6-DB6B-4BF7-B629-8DED2197FA3C}.Debug|Any CPU.ActiveCfg = Debug|Any CPU
		{0A159BC6-DB6B-4BF7-B629-8DED2197FA3C}.Debug|Any CPU.Build.0 = Debug|Any CPU
		{0A159BC6-DB6B-4BF7-B629-8DED2197FA3C}.Debug|iPhone.ActiveCfg = Debug|Any CPU
		{0A159BC6-DB6B-4BF7-B629-8DED2197FA3C}.Debug|iPhone.Build.0 = Debug|Any CPU
		{0A159BC6-DB6B-4BF7-B629-8DED2197FA3C}.Debug|iPhoneSimulator.ActiveCfg = Debug|Any CPU
		{0A159BC6-DB6B-4BF7-B629-8DED2197FA3C}.Debug|iPhoneSimulator.Build.0 = Debug|Any CPU
		{0A159BC6-DB6B-4BF7-B629-8DED2197FA3C}.Release|Any CPU.ActiveCfg = Release|Any CPU
		{0A159BC6-DB6B-4BF7-B629-8DED2197FA3C}.Release|Any CPU.Build.0 = Release|Any CPU
		{0A159BC6-DB6B-4BF7-B629-8DED2197FA3C}.Release|iPhone.ActiveCfg = Release|Any CPU
		{0A159BC6-DB6B-4BF7-B629-8DED2197FA3C}.Release|iPhone.Build.0 = Release|Any CPU
		{0A159BC6-DB6B-4BF7-B629-8DED2197FA3C}.Release|iPhoneSimulator.ActiveCfg = Release|Any CPU
		{0A159BC6-DB6B-4BF7-B629-8DED2197FA3C}.Release|iPhoneSimulator.Build.0 = Release|Any CPU
		{44A13367-D386-45E0-8D34-67414B99CB37}.Ad-Hoc|Any CPU.ActiveCfg = Release|Any CPU
		{44A13367-D386-45E0-8D34-67414B99CB37}.Ad-Hoc|Any CPU.Build.0 = Release|Any CPU
		{44A13367-D386-45E0-8D34-67414B99CB37}.Ad-Hoc|iPhone.ActiveCfg = Release|Any CPU
		{44A13367-D386-45E0-8D34-67414B99CB37}.Ad-Hoc|iPhone.Build.0 = Release|Any CPU
		{44A13367-D386-45E0-8D34-67414B99CB37}.Ad-Hoc|iPhoneSimulator.ActiveCfg = Release|Any CPU
		{44A13367-D386-45E0-8D34-67414B99CB37}.Ad-Hoc|iPhoneSimulator.Build.0 = Release|Any CPU
		{44A13367-D386-45E0-8D34-67414B99CB37}.AppStore|Any CPU.ActiveCfg = Release|Any CPU
		{44A13367-D386-45E0-8D34-67414B99CB37}.AppStore|Any CPU.Build.0 = Release|Any CPU
		{44A13367-D386-45E0-8D34-67414B99CB37}.AppStore|iPhone.ActiveCfg = Release|Any CPU
		{44A13367-D386-45E0-8D34-67414B99CB37}.AppStore|iPhone.Build.0 = Release|Any CPU
		{44A13367-D386-45E0-8D34-67414B99CB37}.AppStore|iPhoneSimulator.ActiveCfg = Release|Any CPU
		{44A13367-D386-45E0-8D34-67414B99CB37}.AppStore|iPhoneSimulator.Build.0 = Release|Any CPU
		{44A13367-D386-45E0-8D34-67414B99CB37}.Debug|Any CPU.ActiveCfg = Debug|Any CPU
		{44A13367-D386-45E0-8D34-67414B99CB37}.Debug|Any CPU.Build.0 = Debug|Any CPU
		{44A13367-D386-45E0-8D34-67414B99CB37}.Debug|iPhone.ActiveCfg = Debug|Any CPU
		{44A13367-D386-45E0-8D34-67414B99CB37}.Debug|iPhone.Build.0 = Debug|Any CPU
		{44A13367-D386-45E0-8D34-67414B99CB37}.Debug|iPhoneSimulator.ActiveCfg = Debug|Any CPU
		{44A13367-D386-45E0-8D34-67414B99CB37}.Debug|iPhoneSimulator.Build.0 = Debug|Any CPU
		{44A13367-D386-45E0-8D34-67414B99CB37}.Release|Any CPU.ActiveCfg = Release|Any CPU
		{44A13367-D386-45E0-8D34-67414B99CB37}.Release|Any CPU.Build.0 = Release|Any CPU
		{44A13367-D386-45E0-8D34-67414B99CB37}.Release|iPhone.ActiveCfg = Release|Any CPU
		{44A13367-D386-45E0-8D34-67414B99CB37}.Release|iPhone.Build.0 = Release|Any CPU
		{44A13367-D386-45E0-8D34-67414B99CB37}.Release|iPhoneSimulator.ActiveCfg = Release|Any CPU
		{44A13367-D386-45E0-8D34-67414B99CB37}.Release|iPhoneSimulator.Build.0 = Release|Any CPU
		{3A4A6387-87C2-4D9C-A887-A5A2A8122C0A}.Ad-Hoc|Any CPU.ActiveCfg = Release|Any CPU
		{3A4A6387-87C2-4D9C-A887-A5A2A8122C0A}.Ad-Hoc|Any CPU.Build.0 = Release|Any CPU
		{3A4A6387-87C2-4D9C-A887-A5A2A8122C0A}.Ad-Hoc|iPhone.ActiveCfg = Release|Any CPU
		{3A4A6387-87C2-4D9C-A887-A5A2A8122C0A}.Ad-Hoc|iPhone.Build.0 = Release|Any CPU
		{3A4A6387-87C2-4D9C-A887-A5A2A8122C0A}.Ad-Hoc|iPhoneSimulator.ActiveCfg = Release|Any CPU
		{3A4A6387-87C2-4D9C-A887-A5A2A8122C0A}.Ad-Hoc|iPhoneSimulator.Build.0 = Release|Any CPU
		{3A4A6387-87C2-4D9C-A887-A5A2A8122C0A}.AppStore|Any CPU.ActiveCfg = Release|Any CPU
		{3A4A6387-87C2-4D9C-A887-A5A2A8122C0A}.AppStore|Any CPU.Build.0 = Release|Any CPU
		{3A4A6387-87C2-4D9C-A887-A5A2A8122C0A}.AppStore|iPhone.ActiveCfg = Release|Any CPU
		{3A4A6387-87C2-4D9C-A887-A5A2A8122C0A}.AppStore|iPhone.Build.0 = Release|Any CPU
		{3A4A6387-87C2-4D9C-A887-A5A2A8122C0A}.AppStore|iPhoneSimulator.ActiveCfg = Release|Any CPU
		{3A4A6387-87C2-4D9C-A887-A5A2A8122C0A}.AppStore|iPhoneSimulator.Build.0 = Release|Any CPU
		{3A4A6387-87C2-4D9C-A887-A5A2A8122C0A}.Debug|Any CPU.ActiveCfg = Debug|Any CPU
		{3A4A6387-87C2-4D9C-A887-A5A2A8122C0A}.Debug|Any CPU.Build.0 = Debug|Any CPU
		{3A4A6387-87C2-4D9C-A887-A5A2A8122C0A}.Debug|iPhone.ActiveCfg = Debug|Any CPU
		{3A4A6387-87C2-4D9C-A887-A5A2A8122C0A}.Debug|iPhone.Build.0 = Debug|Any CPU
		{3A4A6387-87C2-4D9C-A887-A5A2A8122C0A}.Debug|iPhoneSimulator.ActiveCfg = Debug|Any CPU
		{3A4A6387-87C2-4D9C-A887-A5A2A8122C0A}.Debug|iPhoneSimulator.Build.0 = Debug|Any CPU
		{3A4A6387-87C2-4D9C-A887-A5A2A8122C0A}.Release|Any CPU.ActiveCfg = Release|Any CPU
		{3A4A6387-87C2-4D9C-A887-A5A2A8122C0A}.Release|Any CPU.Build.0 = Release|Any CPU
		{3A4A6387-87C2-4D9C-A887-A5A2A8122C0A}.Release|iPhone.ActiveCfg = Release|Any CPU
		{3A4A6387-87C2-4D9C-A887-A5A2A8122C0A}.Release|iPhone.Build.0 = Release|Any CPU
		{3A4A6387-87C2-4D9C-A887-A5A2A8122C0A}.Release|iPhoneSimulator.ActiveCfg = Release|Any CPU
		{3A4A6387-87C2-4D9C-A887-A5A2A8122C0A}.Release|iPhoneSimulator.Build.0 = Release|Any CPU
	EndGlobalSection
	GlobalSection(SolutionProperties) = preSolution
		HideSolutionNode = FALSE
	EndGlobalSection
	GlobalSection(ExtensibilityGlobals) = postSolution
		SolutionGuid = {75397417-8707-4D5B-8CEB-62E8035204C8}
	EndGlobalSection
EndGlobal
